
Microsoft Visual Studio Solution File, Format Version 12.00
# Visual Studio Version 16
VisualStudioVersion = 16.0.31005.135
MinimumVisualStudioVersion = 10.0.40219.1
Project("{FAE04EC0-301F-11D3-BF4B-00C04F79EFBC}") = "My_Assignment_WEB_API_1", "My_Assignment_WEB_API_1\My_Assignment_WEB_API_1.csproj", "{0023837F-D08B-44BF-AC44-ED8D3D2AB66C}"
EndProject
Global
	GlobalSection(SolutionConfigurationPlatforms) = preSolution
		Debug|Any CPU = Debug|Any CPU
		Release|Any CPU = Release|Any CPU
	EndGlobalSection
	GlobalSection(ProjectConfigurationPlatforms) = postSolution
		{0023837F-D08B-44BF-AC44-ED8D3D2AB66C}.Debug|Any CPU.ActiveCfg = Debug|Any CPU
		{0023837F-D08B-44BF-AC44-ED8D3D2AB66C}.Debug|Any CPU.Build.0 = Debug|Any CPU
		{0023837F-D08B-44BF-AC44-ED8D3D2AB66C}.Release|Any CPU.ActiveCfg = Release|Any CPU
		{0023837F-D08B-44BF-AC44-ED8D3D2AB66C}.Release|Any CPU.Build.0 = Release|Any CPU
	EndGlobalSection
	GlobalSection(SolutionProperties) = preSolution
		HideSolutionNode = FALSE
	EndGlobalSection
	GlobalSection(ExtensibilityGlobals) = postSolution
		SolutionGuid = {59630088-E066-43D7-8C74-740BA3C00FB2}
	EndGlobalSection
EndGlobal
